// !$*UTF8*$!
{
	archiveVersion = 1;
	classes = {
	};
	objectVersion = 56;
	objects = {

/* Begin PBXBuildFile section */
		A00000000000000000000011 /* AppDelegate.swift in Sources */ = {isa = PBXBuildFile; fileRef = A00000000000000000000021 /* AppDelegate.swift */; };
		A00000000000000000000012 /* VoodooTrackerXTests.swift in Sources */ = {isa = PBXBuildFile; fileRef = A00000000000000000000022 /* VoodooTrackerXTests.swift */; };
		A00000000000000000000013 /* AppKit.framework in Frameworks */ = {isa = PBXBuildFile; fileRef = A00000000000000000000031 /* AppKit.framework */; };
		A00000000000000000000014 /* XCTest.framework in Frameworks */ = {isa = PBXBuildFile; fileRef = A00000000000000000000032 /* XCTest.framework */; };
		A00000000000000000000015 /* ModuleMetadataLoader.swift in Sources */ = {isa = PBXBuildFile; fileRef = A00000000000000000000023 /* ModuleMetadataLoader.swift */; };
		A00000000000000000000017 /* module_types.c in Sources */ = {isa = PBXBuildFile; fileRef = A00000000000000000000025 /* module_types.c */; };
		A00000000000000000000018 /* xm_header.c in Sources */ = {isa = PBXBuildFile; fileRef = A00000000000000000000026 /* xm_header.c */; };
		A00000000000000000000019 /* mod_header.c in Sources */ = {isa = PBXBuildFile; fileRef = A00000000000000000000027 /* mod_header.c */; };
/* End PBXBuildFile section */

/* Begin PBXFileReference section */
		A00000000000000000000021 /* AppDelegate.swift */ = {isa = PBXFileReference; lastKnownFileType = sourcecode.swift; path = AppDelegate.swift; sourceTree = "<group>"; };
		A00000000000000000000022 /* VoodooTrackerXTests.swift */ = {isa = PBXFileReference; lastKnownFileType = sourcecode.swift; path = VoodooTrackerXTests.swift; sourceTree = "<group>"; };
		A00000000000000000000023 /* ModuleMetadataLoader.swift */ = {isa = PBXFileReference; lastKnownFileType = sourcecode.swift; path = ModuleMetadataLoader.swift; sourceTree = "<group>"; };
		A00000000000000000000025 /* module_types.c */ = {isa = PBXFileReference; lastKnownFileType = sourcecode.c.c; name = module_types.c; path = ../../core/ModuleCore/src/module_types.c; sourceTree = "<group>"; };
		A00000000000000000000026 /* xm_header.c */ = {isa = PBXFileReference; lastKnownFileType = sourcecode.c.c; name = xm_header.c; path = ../../core/ModuleCore/src/xm_header.c; sourceTree = "<group>"; };
		A00000000000000000000027 /* mod_header.c */ = {isa = PBXFileReference; lastKnownFileType = sourcecode.c.c; name = mod_header.c; path = ../../core/ModuleCore/src/mod_header.c; sourceTree = "<group>"; };
		A00000000000000000000028 /* ModuleCoreBridge.h */ = {isa = PBXFileReference; lastKnownFileType = sourcecode.c.h; path = ModuleCoreBridge.h; sourceTree = "<group>"; };
		A00000000000000000000029 /* ModuleCoreHeaders */ = {isa = PBXFileReference; lastKnownFileType = folder; name = ModuleCoreHeaders; path = ../../core/ModuleCore/include; sourceTree = "<group>"; };
		A00000000000000000000031 /* AppKit.framework */ = {isa = PBXFileReference; lastKnownFileType = wrapper.framework; name = AppKit.framework; path = System/Library/Frameworks/AppKit.framework; sourceTree = SDKROOT; };
		A00000000000000000000032 /* XCTest.framework */ = {isa = PBXFileReference; lastKnownFileType = wrapper.framework; name = XCTest.framework; path = System/Library/Frameworks/XCTest.framework; sourceTree = SDKROOT; };
		A00000000000000000000041 /* VoodooTrackerX.app */ = {isa = PBXFileReference; explicitFileType = wrapper.application; includeInIndex = 0; path = VoodooTrackerX.app; sourceTree = BUILT_PRODUCTS_DIR; };
		A00000000000000000000042 /* VoodooTrackerXTests.xctest */ = {isa = PBXFileReference; explicitFileType = wrapper.cfbundle; includeInIndex = 0; path = VoodooTrackerXTests.xctest; sourceTree = BUILT_PRODUCTS_DIR; };
/* End PBXFileReference section */

/* Begin PBXFrameworksBuildPhase section */
		A00000000000000000000051 /* Frameworks */ = {
			isa = PBXFrameworksBuildPhase;
			buildActionMask = 2147483647;
			files = (
				A00000000000000000000013 /* AppKit.framework in Frameworks */,
			);
			runOnlyForDeploymentPostprocessing = 0;
		};
		A00000000000000000000052 /* Frameworks */ = {
			isa = PBXFrameworksBuildPhase;
			buildActionMask = 2147483647;
			files = (
				A00000000000000000000014 /* XCTest.framework in Frameworks */,
			);
			runOnlyForDeploymentPostprocessing = 0;
		};
/* End PBXFrameworksBuildPhase section */

/* Begin PBXGroup section */
		A00000000000000000000061 = {
			isa = PBXGroup;
			children = (
				A00000000000000000000062 /* VoodooTrackerX */,
				A00000000000000000000063 /* VoodooTrackerXTests */,
				A00000000000000000000066 /* ModuleCore */,
				A00000000000000000000064 /* Frameworks */,
				A00000000000000000000065 /* Products */,
			);
			sourceTree = "<group>";
		};
		A00000000000000000000062 /* VoodooTrackerX */ = {
			isa = PBXGroup;
			path = VoodooTrackerX;
			sourceTree = "<group>";
			children = (
				A00000000000000000000021 /* AppDelegate.swift */,
				A00000000000000000000023 /* ModuleMetadataLoader.swift */,
				A00000000000000000000028 /* ModuleCoreBridge.h */,
			);
		};
		A00000000000000000000063 /* VoodooTrackerXTests */ = {
			isa = PBXGroup;
			path = VoodooTrackerXTests;
			sourceTree = "<group>";
			children = (
				A00000000000000000000022 /* VoodooTrackerXTests.swift */,
			);
		};
		A00000000000000000000066 /* ModuleCore */ = {
			isa = PBXGroup;
			children = (
				A00000000000000000000029 /* ModuleCoreHeaders */,
				A00000000000000000000025 /* module_types.c */,
				A00000000000000000000026 /* xm_header.c */,
				A00000000000000000000027 /* mod_header.c */,
			);
			name = ModuleCore;
			sourceTree = "<group>";
		};
		A00000000000000000000064 /* Frameworks */ = {
			isa = PBXGroup;
			children = (
				A00000000000000000000031 /* AppKit.framework */,
				A00000000000000000000032 /* XCTest.framework */,
			);
			name = Frameworks;
			sourceTree = "<group>";
		};
		A00000000000000000000065 /* Products */ = {
			isa = PBXGroup;
			children = (
				A00000000000000000000041 /* VoodooTrackerX.app */,
				A00000000000000000000042 /* VoodooTrackerXTests.xctest */,
			);
			name = Products;
			sourceTree = "<group>";
		};
/* End PBXGroup section */

/* Begin PBXNativeTarget section */
		A00000000000000000000001 /* VoodooTrackerX */ = {
			isa = PBXNativeTarget;
			buildConfigurationList = A00000000000000000000081 /* Build configuration list for PBXNativeTarget "VoodooTrackerX" */;
			buildPhases = (
				A00000000000000000000071 /* Sources */,
				A00000000000000000000051 /* Frameworks */,
				A00000000000000000000073 /* Resources */,
			);
			buildRules = (
			);
			dependencies = (
			);
			name = VoodooTrackerX;
			productName = VoodooTrackerX;
			productReference = A00000000000000000000041 /* VoodooTrackerX.app */;
			productType = "com.apple.product-type.application";
		};
		A00000000000000000000002 /* VoodooTrackerXTests */ = {
			isa = PBXNativeTarget;
			buildConfigurationList = A00000000000000000000082 /* Build configuration list for PBXNativeTarget "VoodooTrackerXTests" */;
			buildPhases = (
				A00000000000000000000072 /* Sources */,
				A00000000000000000000052 /* Frameworks */,
				A00000000000000000000074 /* Resources */,
			);
			buildRules = (
			);
			dependencies = (
			);
			name = VoodooTrackerXTests;
			productName = VoodooTrackerXTests;
			productReference = A00000000000000000000042 /* VoodooTrackerXTests.xctest */;
			productType = "com.apple.product-type.bundle.unit-test";
		};
/* End PBXNativeTarget section */

/* Begin PBXProject section */
		A00000000000000000000091 /* Project object */ = {
			isa = PBXProject;
			attributes = {
				BuildIndependentTargetsInParallel = 1;
				LastUpgradeCheck = 2600;
				ORGANIZATIONNAME = syncomm;
				TargetAttributes = {
					A00000000000000000000001 = {
						CreatedOnToolsVersion = 26.2;
					};
					A00000000000000000000002 = {
						CreatedOnToolsVersion = 26.2;
					};
				};
			};
			buildConfigurationList = A00000000000000000000080 /* Build configuration list for PBXProject "VoodooTrackerX" */;
			compatibilityVersion = "Xcode 13.0";
			developmentRegion = en;
			hasScannedForEncodings = 0;
			knownRegions = (
				en,
				Base,
			);
			mainGroup = A00000000000000000000061;
			productRefGroup = A00000000000000000000065 /* Products */;
			projectDirPath = "";
			projectRoot = "";
			targets = (
				A00000000000000000000001 /* VoodooTrackerX */,
				A00000000000000000000002 /* VoodooTrackerXTests */,
			);
		};
/* End PBXProject section */

/* Begin PBXResourcesBuildPhase section */
		A00000000000000000000073 /* Resources */ = {
			isa = PBXResourcesBuildPhase;
			buildActionMask = 2147483647;
			files = (
			);
			runOnlyForDeploymentPostprocessing = 0;
		};
		A00000000000000000000074 /* Resources */ = {
			isa = PBXResourcesBuildPhase;
			buildActionMask = 2147483647;
			files = (
			);
			runOnlyForDeploymentPostprocessing = 0;
		};
/* End PBXResourcesBuildPhase section */

/* Begin PBXSourcesBuildPhase section */
		A00000000000000000000071 /* Sources */ = {
			isa = PBXSourcesBuildPhase;
			buildActionMask = 2147483647;
			files = (
				A00000000000000000000011 /* AppDelegate.swift in Sources */,
				A00000000000000000000015 /* ModuleMetadataLoader.swift in Sources */,
				A00000000000000000000017 /* module_types.c in Sources */,
				A00000000000000000000018 /* xm_header.c in Sources */,
				A00000000000000000000019 /* mod_header.c in Sources */,
			);
			runOnlyForDeploymentPostprocessing = 0;
		};
		A00000000000000000000072 /* Sources */ = {
			isa = PBXSourcesBuildPhase;
			buildActionMask = 2147483647;
			files = (
				A00000000000000000000012 /* VoodooTrackerXTests.swift in Sources */,
			);
			runOnlyForDeploymentPostprocessing = 0;
		};
/* End PBXSourcesBuildPhase section */

/* Begin XCBuildConfiguration section */
		A00000000000000000000101 /* Debug */ = {
			isa = XCBuildConfiguration;
			buildSettings = {
				ALWAYS_SEARCH_USER_PATHS = NO;
				CLANG_ENABLE_MODULES = YES;
				CLANG_ENABLE_OBJC_ARC = YES;
				COPY_PHASE_STRIP = NO;
				DEBUG_INFORMATION_FORMAT = dwarf;
				ENABLE_STRICT_OBJC_MSGSEND = YES;
				GCC_C_LANGUAGE_STANDARD = gnu17;
				GCC_NO_COMMON_BLOCKS = YES;
				GCC_OPTIMIZATION_LEVEL = 0;
				MACOSX_DEPLOYMENT_TARGET = 26.0;
				SDKROOT = macosx;
				SWIFT_VERSION = 6.0;
			};
			name = Debug;
		};
		A00000000000000000000102 /* Release */ = {
			isa = XCBuildConfiguration;
			buildSettings = {
				ALWAYS_SEARCH_USER_PATHS = NO;
				CLANG_ENABLE_MODULES = YES;
				CLANG_ENABLE_OBJC_ARC = YES;
				COPY_PHASE_STRIP = NO;
				DEBUG_INFORMATION_FORMAT = "dwarf-with-dsym";
				ENABLE_NS_ASSERTIONS = NO;
				ENABLE_STRICT_OBJC_MSGSEND = YES;
				GCC_C_LANGUAGE_STANDARD = gnu17;
				GCC_NO_COMMON_BLOCKS = YES;
				MACOSX_DEPLOYMENT_TARGET = 26.0;
				SDKROOT = macosx;
				SWIFT_VERSION = 6.0;
			};
			name = Release;
		};
		A00000000000000000000111 /* Debug */ = {
			isa = XCBuildConfiguration;
			buildSettings = {
				ASSETCATALOG_COMPILER_APPICON_NAME = "";
				CODE_SIGN_STYLE = Automatic;
				GENERATE_INFOPLIST_FILE = YES;
				INFOPLIST_KEY_NSPrincipalClass = NSApplication;
				HEADER_SEARCH_PATHS = (
					"$(inherited)",
					"$(SRCROOT)/../../core/ModuleCore/include",
				);
				LD_RUNPATH_SEARCH_PATHS = (
					"$(inherited)",
					"@executable_path/../Frameworks",
				);
				MACOSX_DEPLOYMENT_TARGET = 26.0;
				PRODUCT_BUNDLE_IDENTIFIER = com.syncomm.VoodooTrackerX;
				PRODUCT_NAME = "$(TARGET_NAME)";
				SDKROOT = macosx;
				SWIFT_OBJC_BRIDGING_HEADER = VoodooTrackerX/ModuleCoreBridge.h;
				SWIFT_VERSION = 6.0;
			};
			name = Debug;
		};
		A00000000000000000000112 /* Release */ = {
			isa = XCBuildConfiguration;
			buildSettings = {
				ASSETCATALOG_COMPILER_APPICON_NAME = "";
				CODE_SIGN_STYLE = Automatic;
				GENERATE_INFOPLIST_FILE = YES;
				INFOPLIST_KEY_NSPrincipalClass = NSApplication;
				HEADER_SEARCH_PATHS = (
					"$(inherited)",
					"$(SRCROOT)/../../core/ModuleCore/include",
				);
				LD_RUNPATH_SEARCH_PATHS = (
					"$(inherited)",
					"@executable_path/../Frameworks",
				);
				MACOSX_DEPLOYMENT_TARGET = 26.0;
				PRODUCT_BUNDLE_IDENTIFIER = com.syncomm.VoodooTrackerX;
				PRODUCT_NAME = "$(TARGET_NAME)";
				SDKROOT = macosx;
				SWIFT_OBJC_BRIDGING_HEADER = VoodooTrackerX/ModuleCoreBridge.h;
				SWIFT_VERSION = 6.0;
			};
			name = Release;
		};
		A00000000000000000000121 /* Debug */ = {
			isa = XCBuildConfiguration;
			buildSettings = {
				BUNDLE_LOADER = "";
				CODE_SIGN_STYLE = Automatic;
				GENERATE_INFOPLIST_FILE = YES;
				HEADER_SEARCH_PATHS = (
					"$(inherited)",
					"$(SRCROOT)/../../core/ModuleCore/include",
				);
				LD_RUNPATH_SEARCH_PATHS = (
					"$(inherited)",
					"@loader_path/../Frameworks",
				);
				MACOSX_DEPLOYMENT_TARGET = 26.0;
				PRODUCT_BUNDLE_IDENTIFIER = com.syncomm.VoodooTrackerXTests;
				PRODUCT_NAME = "$(TARGET_NAME)";
				SDKROOT = macosx;
				SWIFT_VERSION = 6.0;
				TEST_HOST = "";
			};
			name = Debug;
		};
		A00000000000000000000122 /* Release */ = {
			isa = XCBuildConfiguration;
			buildSettings = {
				BUNDLE_LOADER = "";
				CODE_SIGN_STYLE = Automatic;
				GENERATE_INFOPLIST_FILE = YES;
				HEADER_SEARCH_PATHS = (
					"$(inherited)",
					"$(SRCROOT)/../../core/ModuleCore/include",
				);
				LD_RUNPATH_SEARCH_PATHS = (
					"$(inherited)",
					"@loader_path/../Frameworks",
				);
				MACOSX_DEPLOYMENT_TARGET = 26.0;
				PRODUCT_BUNDLE_IDENTIFIER = com.syncomm.VoodooTrackerXTests;
				PRODUCT_NAME = "$(TARGET_NAME)";
				SDKROOT = macosx;
				SWIFT_VERSION = 6.0;
				TEST_HOST = "";
			};
			name = Release;
		};
/* End XCBuildConfiguration section */

/* Begin XCConfigurationList section */
		A00000000000000000000080 /* Build configuration list for PBXProject "VoodooTrackerX" */ = {
			isa = XCConfigurationList;
			buildConfigurations = (
				A00000000000000000000101 /* Debug */,
				A00000000000000000000102 /* Release */,
			);
			defaultConfigurationIsVisible = 0;
			defaultConfigurationName = Release;
		};
		A00000000000000000000081 /* Build configuration list for PBXNativeTarget "VoodooTrackerX" */ = {
			isa = XCConfigurationList;
			buildConfigurations = (
				A00000000000000000000111 /* Debug */,
				A00000000000000000000112 /* Release */,
			);
			defaultConfigurationIsVisible = 0;
			defaultConfigurationName = Release;
		};
		A00000000000000000000082 /* Build configuration list for PBXNativeTarget "VoodooTrackerXTests" */ = {
			isa = XCConfigurationList;
			buildConfigurations = (
				A00000000000000000000121 /* Debug */,
				A00000000000000000000122 /* Release */,
			);
			defaultConfigurationIsVisible = 0;
			defaultConfigurationName = Release;
		};
/* End XCConfigurationList section */
	};
	rootObject = A00000000000000000000091 /* Project object */;
}
